// !$*UTF8*$!
{
	archiveVersion = 1;
	classes = {
	};
	objectVersion = 46;
	objects = {

/* Begin PBXBuildFile section */
		0B20CF411F41AB4800076A74 /* main.m in Sources */ = {isa = PBXBuildFile; fileRef = 0B20CF401F41AB4800076A74 /* main.m */; };
		0B20CF441F41AB4800076A74 /* AppDelegate.m in Sources */ = {isa = PBXBuildFile; fileRef = 0B20CF431F41AB4800076A74 /* AppDelegate.m */; };
		0B20CF471F41AB4800076A74 /* ViewController.m in Sources */ = {isa = PBXBuildFile; fileRef = 0B20CF461F41AB4800076A74 /* ViewController.m */; };
		0B20CF4A1F41AB4800076A74 /* Main.storyboard in Resources */ = {isa = PBXBuildFile; fileRef = 0B20CF481F41AB4800076A74 /* Main.storyboard */; };
		0B20CF4C1F41AB4800076A74 /* Assets.xcassets in Resources */ = {isa = PBXBuildFile; fileRef = 0B20CF4B1F41AB4800076A74 /* Assets.xcassets */; };
		0B20CF4F1F41AB4800076A74 /* LaunchScreen.storyboard in Resources */ = {isa = PBXBuildFile; fileRef = 0B20CF4D1F41AB4800076A74 /* LaunchScreen.storyboard */; };
		0B20CF5A1F41AB4800076A74 /* RoundLayerTests.m in Sources */ = {isa = PBXBuildFile; fileRef = 0B20CF591F41AB4800076A74 /* RoundLayerTests.m */; };
		0B20CF651F41AB4800076A74 /* RoundLayerUITests.m in Sources */ = {isa = PBXBuildFile; fileRef = 0B20CF641F41AB4800076A74 /* RoundLayerUITests.m */; };
		0B20CF741F41AB8000076A74 /* SoundAnimationView.m in Sources */ = {isa = PBXBuildFile; fileRef = 0B20CF731F41AB8000076A74 /* SoundAnimationView.m */; };
/* End PBXBuildFile section */

/* Begin PBXContainerItemProxy section */
		0B20CF561F41AB4800076A74 /* PBXContainerItemProxy */ = {
			isa = PBXContainerItemProxy;
			containerPortal = 0B20CF341F41AB4800076A74 /* Project object */;
			proxyType = 1;
			remoteGlobalIDString = 0B20CF3B1F41AB4800076A74;
			remoteInfo = RoundLayer;
		};
		0B20CF611F41AB4800076A74 /* PBXContainerItemProxy */ = {
			isa = PBXContainerItemProxy;
			containerPortal = 0B20CF341F41AB4800076A74 /* Project object */;
			proxyType = 1;
			remoteGlobalIDString = 0B20CF3B1F41AB4800076A74;
			remoteInfo = RoundLayer;
		};
/* End PBXContainerItemProxy section */

/* Begin PBXFileReference section */
		0B20CF3C1F41AB4800076A74 /* RoundLayer.app */ = {isa = PBXFileReference; explicitFileType = wrapper.application; includeInIndex = 0; path = RoundLayer.app; sourceTree = BUILT_PRODUCTS_DIR; };
		0B20CF401F41AB4800076A74 /* main.m */ = {isa = PBXFileReference; lastKnownFileType = sourcecode.c.objc; path = main.m; sourceTree = "<group>"; };
		0B20CF421F41AB4800076A74 /* AppDelegate.h */ = {isa = PBXFileReference; lastKnownFileType = sourcecode.c.h; path = AppDelegate.h; sourceTree = "<group>"; };
		0B20CF431F41AB4800076A74 /* AppDelegate.m */ = {isa = PBXFileReference; lastKnownFileType = sourcecode.c.objc; path = AppDelegate.m; sourceTree = "<group>"; };
		0B20CF451F41AB4800076A74 /* ViewController.h */ = {isa = PBXFileReference; lastKnownFileType = sourcecode.c.h; path = ViewController.h; sourceTree = "<group>"; };
		0B20CF461F41AB4800076A74 /* ViewController.m */ = {isa = PBXFileReference; lastKnownFileType = sourcecode.c.objc; path = ViewController.m; sourceTree = "<group>"; };
		0B20CF491F41AB4800076A74 /* Base */ = {isa = PBXFileReference; lastKnownFileType = file.storyboard; name = Base; path = Base.lproj/Main.storyboard; sourceTree = "<group>"; };
		0B20CF4B1F41AB4800076A74 /* Assets.xcassets */ = {isa = PBXFileReference; lastKnownFileType = folder.assetcatalog; path = Assets.xcassets; sourceTree = "<group>"; };
		0B20CF4E1F41AB4800076A74 /* Base */ = {isa = PBXFileReference; lastKnownFileType = file.storyboard; name = Base; path = Base.lproj/LaunchScreen.storyboard; sourceTree = "<group>"; };
		0B20CF501F41AB4800076A74 /* Info.plist */ = {isa = PBXFileReference; lastKnownFileType = text.plist.xml; path = Info.plist; sourceTree = "<group>"; };
		0B20CF551F41AB4800076A74 /* RoundLayerTests.xctest */ = {isa = PBXFileReference; explicitFileType = wrapper.cfbundle; includeInIndex = 0; path = RoundLayerTests.xctest; sourceTree = BUILT_PRODUCTS_DIR; };
		0B20CF591F41AB4800076A74 /* RoundLayerTests.m */ = {isa = PBXFileReference; lastKnownFileType = sourcecode.c.objc; path = RoundLayerTests.m; sourceTree = "<group>"; };
		0B20CF5B1F41AB4800076A74 /* Info.plist */ = {isa = PBXFileReference; lastKnownFileType = text.plist.xml; path = Info.plist; sourceTree = "<group>"; };
		0B20CF601F41AB4800076A74 /* RoundLayerUITests.xctest */ = {isa = PBXFileReference; explicitFileType = wrapper.cfbundle; includeInIndex = 0; path = RoundLayerUITests.xctest; sourceTree = BUILT_PRODUCTS_DIR; };
		0B20CF641F41AB4800076A74 /* RoundLayerUITests.m */ = {isa = PBXFileReference; lastKnownFileType = sourcecode.c.objc; path = RoundLayerUITests.m; sourceTree = "<group>"; };
		0B20CF661F41AB4800076A74 /* Info.plist */ = {isa = PBXFileReference; lastKnownFileType = text.plist.xml; path = Info.plist; sourceTree = "<group>"; };
		0B20CF721F41AB8000076A74 /* SoundAnimationView.h */ = {isa = PBXFileReference; fileEncoding = 4; lastKnownFileType = sourcecode.c.h; path = SoundAnimationView.h; sourceTree = "<group>"; };
		0B20CF731F41AB8000076A74 /* SoundAnimationView.m */ = {isa = PBXFileReference; fileEncoding = 4; lastKnownFileType = sourcecode.c.objc; path = SoundAnimationView.m; sourceTree = "<group>"; };
/* End PBXFileReference section */

/* Begin PBXFrameworksBuildPhase section */
		0B20CF391F41AB4800076A74 /* Frameworks */ = {
			isa = PBXFrameworksBuildPhase;
			buildActionMask = 2147483647;
			files = (
			);
			runOnlyForDeploymentPostprocessing = 0;
		};
		0B20CF521F41AB4800076A74 /* Frameworks */ = {
			isa = PBXFrameworksBuildPhase;
			buildActionMask = 2147483647;
			files = (
			);
			runOnlyForDeploymentPostprocessing = 0;
		};
		0B20CF5D1F41AB4800076A74 /* Frameworks */ = {
			isa = PBXFrameworksBuildPhase;
			buildActionMask = 2147483647;
			files = (
			);
			runOnlyForDeploymentPostprocessing = 0;
		};
/* End PBXFrameworksBuildPhase section */

/* Begin PBXGroup section */
		0B20CF331F41AB4800076A74 = {
			isa = PBXGroup;
			children = (
				0B20CF3E1F41AB4800076A74 /* RoundLayer */,
				0B20CF581F41AB4800076A74 /* RoundLayerTests */,
				0B20CF631F41AB4800076A74 /* RoundLayerUITests */,
				0B20CF3D1F41AB4800076A74 /* Products */,
			);
			sourceTree = "<group>";
		};
		0B20CF3D1F41AB4800076A74 /* Products */ = {
			isa = PBXGroup;
			children = (
				0B20CF3C1F41AB4800076A74 /* RoundLayer.app */,
				0B20CF551F41AB4800076A74 /* RoundLayerTests.xctest */,
				0B20CF601F41AB4800076A74 /* RoundLayerUITests.xctest */,
			);
			name = Products;
			sourceTree = "<group>";
		};
		0B20CF3E1F41AB4800076A74 /* RoundLayer */ = {
			isa = PBXGroup;
			children = (
				0B20CF421F41AB4800076A74 /* AppDelegate.h */,
				0B20CF431F41AB4800076A74 /* AppDelegate.m */,
				0B20CF451F41AB4800076A74 /* ViewController.h */,
				0B20CF461F41AB4800076A74 /* ViewController.m */,
				0B20CF721F41AB8000076A74 /* SoundAnimationView.h */,
				0B20CF731F41AB8000076A74 /* SoundAnimationView.m */,
				0B20CF481F41AB4800076A74 /* Main.storyboard */,
				0B20CF4B1F41AB4800076A74 /* Assets.xcassets */,
				0B20CF4D1F41AB4800076A74 /* LaunchScreen.storyboard */,
				0B20CF501F41AB4800076A74 /* Info.plist */,
				0B20CF3F1F41AB4800076A74 /* Supporting Files */,
			);
			path = RoundLayer;
			sourceTree = "<group>";
		};
		0B20CF3F1F41AB4800076A74 /* Supporting Files */ = {
			isa = PBXGroup;
			children = (
				0B20CF401F41AB4800076A74 /* main.m */,
			);
			name = "Supporting Files";
			sourceTree = "<group>";
		};
		0B20CF581F41AB4800076A74 /* RoundLayerTests */ = {
			isa = PBXGroup;
			children = (
				0B20CF591F41AB4800076A74 /* RoundLayerTests.m */,
				0B20CF5B1F41AB4800076A74 /* Info.plist */,
			);
			path = RoundLayerTests;
			sourceTree = "<group>";
		};
		0B20CF631F41AB4800076A74 /* RoundLayerUITests */ = {
			isa = PBXGroup;
			children = (
				0B20CF641F41AB4800076A74 /* RoundLayerUITests.m */,
				0B20CF661F41AB4800076A74 /* Info.plist */,
			);
			path = RoundLayerUITests;
			sourceTree = "<group>";
		};
/* End PBXGroup section */

/* Begin PBXNativeTarget section */
		0B20CF3B1F41AB4800076A74 /* RoundLayer */ = {
			isa = PBXNativeTarget;
			buildConfigurationList = 0B20CF691F41AB4800076A74 /* Build configuration list for PBXNativeTarget "RoundLayer" */;
			buildPhases = (
				0B20CF381F41AB4800076A74 /* Sources */,
				0B20CF391F41AB4800076A74 /* Frameworks */,
				0B20CF3A1F41AB4800076A74 /* Resources */,
			);
			buildRules = (
			);
			dependencies = (
			);
			name = RoundLayer;
			productName = RoundLayer;
			productReference = 0B20CF3C1F41AB4800076A74 /* RoundLayer.app */;
			productType = "com.apple.product-type.application";
		};
		0B20CF541F41AB4800076A74 /* RoundLayerTests */ = {
			isa = PBXNativeTarget;
			buildConfigurationList = 0B20CF6C1F41AB4800076A74 /* Build configuration list for PBXNativeTarget "RoundLayerTests" */;
			buildPhases = (
				0B20CF511F41AB4800076A74 /* Sources */,
				0B20CF521F41AB4800076A74 /* Frameworks */,
				0B20CF531F41AB4800076A74 /* Resources */,
			);
			buildRules = (
			);
			dependencies = (
				0B20CF571F41AB4800076A74 /* PBXTargetDependency */,
			);
			name = RoundLayerTests;
			productName = RoundLayerTests;
			productReference = 0B20CF551F41AB4800076A74 /* RoundLayerTests.xctest */;
			productType = "com.apple.product-type.bundle.unit-test";
		};
		0B20CF5F1F41AB4800076A74 /* RoundLayerUITests */ = {
			isa = PBXNativeTarget;
			buildConfigurationList = 0B20CF6F1F41AB4800076A74 /* Build configuration list for PBXNativeTarget "RoundLayerUITests" */;
			buildPhases = (
				0B20CF5C1F41AB4800076A74 /* Sources */,
				0B20CF5D1F41AB4800076A74 /* Frameworks */,
				0B20CF5E1F41AB4800076A74 /* Resources */,
			);
			buildRules = (
			);
			dependencies = (
				0B20CF621F41AB4800076A74 /* PBXTargetDependency */,
			);
			name = RoundLayerUITests;
			productName = RoundLayerUITests;
			productReference = 0B20CF601F41AB4800076A74 /* RoundLayerUITests.xctest */;
			productType = "com.apple.product-type.bundle.ui-testing";
		};
/* End PBXNativeTarget section */

/* Begin PBXProject section */
		0B20CF341F41AB4800076A74 /* Project object */ = {
			isa = PBXProject;
			attributes = {
				LastUpgradeCheck = 0830;
				ORGANIZATIONNAME = L;
				TargetAttributes = {
					0B20CF3B1F41AB4800076A74 = {
						CreatedOnToolsVersion = 8.3.3;
						ProvisioningStyle = Automatic;
					};
					0B20CF541F41AB4800076A74 = {
						CreatedOnToolsVersion = 8.3.3;
						ProvisioningStyle = Automatic;
						TestTargetID = 0B20CF3B1F41AB4800076A74;
					};
					0B20CF5F1F41AB4800076A74 = {
						CreatedOnToolsVersion = 8.3.3;
						ProvisioningStyle = Automatic;
						TestTargetID = 0B20CF3B1F41AB4800076A74;
					};
				};
			};
			buildConfigurationList = 0B20CF371F41AB4800076A74 /* Build configuration list for PBXProject "RoundLayer" */;
			compatibilityVersion = "Xcode 3.2";
			developmentRegion = English;
			hasScannedForEncodings = 0;
			knownRegions = (
				en,
				Base,
			);
			mainGroup = 0B20CF331F41AB4800076A74;
			productRefGroup = 0B20CF3D1F41AB4800076A74 /* Products */;
			projectDirPath = "";
			projectRoot = "";
			targets = (
				0B20CF3B1F41AB4800076A74 /* RoundLayer */,
				0B20CF541F41AB4800076A74 /* RoundLayerTests */,
				0B20CF5F1F41AB4800076A74 /* RoundLayerUITests */,
			);
		};
/* End PBXProject section */

/* Begin PBXResourcesBuildPhase section */
		0B20CF3A1F41AB4800076A74 /* Resources */ = {
			isa = PBXResourcesBuildPhase;
			buildActionMask = 2147483647;
			files = (
				0B20CF4F1F41AB4800076A74 /* LaunchScreen.storyboard in Resources */,
				0B20CF4C1F41AB4800076A74 /* Assets.xcassets in Resources */,
				0B20CF4A1F41AB4800076A74 /* Main.storyboard in Resources */,
			);
			runOnlyForDeploymentPostprocessing = 0;
		};
		0B20CF531F41AB4800076A74 /* Resources */ = {
			isa = PBXResourcesBuildPhase;
			buildActionMask = 2147483647;
			files = (
			);
			runOnlyForDeploymentPostprocessing = 0;
		};
		0B20CF5E1F41AB4800076A74 /* Resources */ = {
			isa = PBXResourcesBuildPhase;
			buildActionMask = 2147483647;
			files = (
			);
			runOnlyForDeploymentPostprocessing = 0;
		};
/* End PBXResourcesBuildPhase section */

/* Begin PBXSourcesBuildPhase section */
		0B20CF381F41AB4800076A74 /* Sources */ = {
			isa = PBXSourcesBuildPhase;
			buildActionMask = 2147483647;
			files = (
				0B20CF471F41AB4800076A74 /* ViewController.m in Sources */,
				0B20CF441F41AB4800076A74 /* AppDelegate.m in Sources */,
				0B20CF411F41AB4800076A74 /* main.m in Sources */,
				0B20CF741F41AB8000076A74 /* SoundAnimationView.m in Sources */,
			);
			runOnlyForDeploymentPostprocessing = 0;
		};
		0B20CF511F41AB4800076A74 /* Sources */ = {
			isa = PBXSourcesBuildPhase;
			buildActionMask = 2147483647;
			files = (
				0B20CF5A1F41AB4800076A74 /* RoundLayerTests.m in Sources */,
			);
			runOnlyForDeploymentPostprocessing = 0;
		};
		0B20CF5C1F41AB4800076A74 /* Sources */ = {
			isa = PBXSourcesBuildPhase;
			buildActionMask = 2147483647;
			files = (
				0B20CF651F41AB4800076A74 /* RoundLayerUITests.m in Sources */,
			);
			runOnlyForDeploymentPostprocessing = 0;
		};
/* End PBXSourcesBuildPhase section */

/* Begin PBXTargetDependency section */
		0B20CF571F41AB4800076A74 /* PBXTargetDependency */ = {
			isa = PBXTargetDependency;
			target = 0B20CF3B1F41AB4800076A74 /* RoundLayer */;
			targetProxy = 0B20CF561F41AB4800076A74 /* PBXContainerItemProxy */;
		};
		0B20CF621F41AB4800076A74 /* PBXTargetDependency */ = {
			isa = PBXTargetDependency;
			target = 0B20CF3B1F41AB4800076A74 /* RoundLayer */;
			targetProxy = 0B20CF611F41AB4800076A74 /* PBXContainerItemProxy */;
		};
/* End PBXTargetDependency section */

/* Begin PBXVariantGroup section */
		0B20CF481F41AB4800076A74 /* Main.storyboard */ = {
			isa = PBXVariantGroup;
			children = (
				0B20CF491F41AB4800076A74 /* Base */,
			);
			name = Main.storyboard;
			sourceTree = "<group>";
		};
		0B20CF4D1F41AB4800076A74 /* LaunchScreen.storyboard */ = {
			isa = PBXVariantGroup;
			children = (
				0B20CF4E1F41AB4800076A74 /* Base */,
			);
			name = LaunchScreen.storyboard;
			sourceTree = "<group>";
		};
/* End PBXVariantGroup section */

/* Begin XCBuildConfiguration section */
		0B20CF671F41AB4800076A74 /* Debug */ = {
			isa = XCBuildConfiguration;
			buildSettings = {
				ALWAYS_SEARCH_USER_PATHS = NO;
				CLANG_ANALYZER_NONNULL = YES;
				CLANG_ANALYZER_NUMBER_OBJECT_CONVERSION = YES_AGGRESSIVE;
				CLANG_CXX_LANGUAGE_STANDARD = "gnu++0x";
				CLANG_CXX_LIBRARY = "libc++";
				CLANG_ENABLE_MODULES = YES;
				CLANG_ENABLE_OBJC_ARC = YES;
				CLANG_WARN_BOOL_CONVERSION = YES;
				CLANG_WARN_CONSTANT_CONVERSION = YES;
				CLANG_WARN_DIRECT_OBJC_ISA_USAGE = YES_ERROR;
				CLANG_WARN_DOCUMENTATION_COMMENTS = YES;
				CLANG_WARN_EMPTY_BODY = YES;
				CLANG_WARN_ENUM_CONVERSION = YES;
				CLANG_WARN_INFINITE_RECURSION = YES;
				CLANG_WARN_INT_CONVERSION = YES;
				CLANG_WARN_OBJC_ROOT_CLASS = YES_ERROR;
				CLANG_WARN_SUSPICIOUS_MOVE = YES;
				CLANG_WARN_UNREACHABLE_CODE = YES;
				CLANG_WARN__DUPLICATE_METHOD_MATCH = YES;
				"CODE_SIGN_IDENTITY[sdk=iphoneos*]" = "iPhone Developer";
				COPY_PHASE_STRIP = NO;
				DEBUG_INFORMATION_FORMAT = dwarf;
				ENABLE_STRICT_OBJC_MSGSEND = YES;
				ENABLE_TESTABILITY = YES;
				GCC_C_LANGUAGE_STANDARD = gnu99;
				GCC_DYNAMIC_NO_PIC = NO;
				GCC_NO_COMMON_BLOCKS = YES;
				GCC_OPTIMIZATION_LEVEL = 0;
				GCC_PREPROCESSOR_DEFINITIONS = (
					"DEBUG=1",
					"$(inherited)",
				);
				GCC_WARN_64_TO_32_BIT_CONVERSION = YES;
				GCC_WARN_ABOUT_RETURN_TYPE = YES_ERROR;
				GCC_WARN_UNDECLARED_SELECTOR = YES;
				GCC_WARN_UNINITIALIZED_AUTOS = YES_AGGRESSIVE;
				GCC_WARN_UNUSED_FUNCTION = YES;
				GCC_WARN_UNUSED_VARIABLE = YES;
				IPHONEOS_DEPLOYMENT_TARGET = 10.3;
				MTL_ENABLE_DEBUG_INFO = YES;
				ONLY_ACTIVE_ARCH = YES;
				SDKROOT = iphoneos;
			};
			name = Debug;
		};
		0B20CF681F41AB4800076A74 /* Release */ = {
			isa = XCBuildConfiguration;
			buildSettings = {
				ALWAYS_SEARCH_USER_PATHS = NO;
				CLANG_ANALYZER_NONNULL = YES;
				CLANG_ANALYZER_NUMBER_OBJECT_CONVERSION = YES_AGGRESSIVE;
				CLANG_CXX_LANGUAGE_STANDARD = "gnu++0x";
				CLANG_CXX_LIBRARY = "libc++";
				CLANG_ENABLE_MODULES = YES;
				CLANG_ENABLE_OBJC_ARC = YES;
				CLANG_WARN_BOOL_CONVERSION = YES;
				CLANG_WARN_CONSTANT_CONVERSION = YES;
				CLANG_WARN_DIRECT_OBJC_ISA_USAGE = YES_ERROR;
				CLANG_WARN_DOCUMENTATION_COMMENTS = YES;
				CLANG_WARN_EMPTY_BODY = YES;
				CLANG_WARN_ENUM_CONVERSION = YES;
				CLANG_WARN_INFINITE_RECURSION = YES;
				CLANG_WARN_INT_CONVERSION = YES;
				CLANG_WARN_OBJC_ROOT_CLASS = YES_ERROR;
				CLANG_WARN_SUSPICIOUS_MOVE = YES;
				CLANG_WARN_UNREACHABLE_CODE = YES;
				CLANG_WARN__DUPLICATE_METHOD_MATCH = YES;
				"CODE_SIGN_IDENTITY[sdk=iphoneos*]" = "iPhone Developer";
				COPY_PHASE_STRIP = NO;
				DEBUG_INFORMATION_FORMAT = "dwarf-with-dsym";
				ENABLE_NS_ASSERTIONS = NO;
				ENABLE_STRICT_OBJC_MSGSEND = YES;
				GCC_C_LANGUAGE_STANDARD = gnu99;
				GCC_NO_COMMON_BLOCKS = YES;
				GCC_WARN_64_TO_32_BIT_CONVERSION = YES;
				GCC_WARN_ABOUT_RETURN_TYPE = YES_ERROR;
				GCC_WARN_UNDECLARED_SELECTOR = YES;
				GCC_WARN_UNINITIALIZED_AUTOS = YES_AGGRESSIVE;
				GCC_WARN_UNUSED_FUNCTION = YES;
				GCC_WARN_UNUSED_VARIABLE = YES;
				IPHONEOS_DEPLOYMENT_TARGET = 10.3;
				MTL_ENABLE_DEBUG_INFO = NO;
				SDKROOT = iphoneos;
				VALIDATE_PRODUCT = YES;
			};
			name = Release;
		};
		0B20CF6A1F41AB4800076A74 /* Debug */ = {
			isa = XCBuildConfiguration;
			buildSettings = {
				ASSETCATALOG_COMPILER_APPICON_NAME = AppIcon;
				DEVELOPMENT_TEAM = "";
				INFOPLIST_FILE = RoundLayer/Info.plist;
				LD_RUNPATH_SEARCH_PATHS = "$(inherited) @executable_path/Frameworks";
				PRODUCT_BUNDLE_IDENTIFIER = com.RoundLayer;
				PRODUCT_NAME = "$(TARGET_NAME)";
			};
			name = Debug;
		};
		0B20CF6B1F41AB4800076A74 /* Release */ = {
			isa = XCBuildConfiguration;
			buildSettings = {
				ASSETCATALOG_COMPILER_APPICON_NAME = AppIcon;
				DEVELOPMENT_TEAM = "";
				INFOPLIST_FILE = RoundLayer/Info.plist;
				LD_RUNPATH_SEARCH_PATHS = "$(inherited) @executable_path/Frameworks";
				PRODUCT_BUNDLE_IDENTIFIER = com.RoundLayer;
				PRODUCT_NAME = "$(TARGET_NAME)";
			};
			name = Release;
		};
		0B20CF6D1F41AB4800076A74 /* Debug */ = {
			isa = XCBuildConfiguration;
			buildSettings = {
				BUNDLE_LOADER = "$(TEST_HOST)";
				INFOPLIST_FILE = RoundLayerTests/Info.plist;
				LD_RUNPATH_SEARCH_PATHS = "$(inherited) @executable_path/Frameworks @loader_path/Frameworks";
				PRODUCT_BUNDLE_IDENTIFIER = com.RoundLayerTests;
				PRODUCT_NAME = "$(TARGET_NAME)";
				TEST_HOST = "$(BUILT_PRODUCTS_DIR)/RoundLayer.app/RoundLayer";
			};
			name = Debug;
		};
		0B20CF6E1F41AB4800076A74 /* Release */ = {
			isa = XCBuildConfiguration;
			buildSettings = {
				BUNDLE_LOADER = "$(TEST_HOST)";
				INFOPLIST_FILE = RoundLayerTests/Info.plist;
				LD_RUNPATH_SEARCH_PATHS = "$(inherited) @executable_path/Frameworks @loader_path/Frameworks";
				PRODUCT_BUNDLE_IDENTIFIER = com.RoundLayerTests;
				PRODUCT_NAME = "$(TARGET_NAME)";
				TEST_HOST = "$(BUILT_PRODUCTS_DIR)/RoundLayer.app/RoundLayer";
			};
			name = Release;
		};
		0B20CF701F41AB4800076A74 /* Debug */ = {
			isa = XCBuildConfiguration;
			buildSettings = {
				INFOPLIST_FILE = RoundLayerUITests/Info.plist;
				LD_RUNPATH_SEARCH_PATHS = "$(inherited) @executable_path/Frameworks @loader_path/Frameworks";
				PRODUCT_BUNDLE_IDENTIFIER = com.RoundLayerUITests;
				PRODUCT_NAME = "$(TARGET_NAME)";
				TEST_TARGET_NAME = RoundLayer;
			};
			name = Debug;
		};
		0B20CF711F41AB4800076A74 /* Release */ = {
			isa = XCBuildConfiguration;
			buildSettings = {
				INFOPLIST_FILE = RoundLayerUITests/Info.plist;
				LD_RUNPATH_SEARCH_PATHS = "$(inherited) @executable_path/Frameworks @loader_path/Frameworks";
				PRODUCT_BUNDLE_IDENTIFIER = com.RoundLayerUITests;
				PRODUCT_NAME = "$(TARGET_NAME)";
				TEST_TARGET_NAME = RoundLayer;
			};
			name = Release;
		};
/* End XCBuildConfiguration section */

/* Begin XCConfigurationList section */
		0B20CF371F41AB4800076A74 /* Build configuration list for PBXProject "RoundLayer" */ = {
			isa = XCConfigurationList;
			buildConfigurations = (
				0B20CF671F41AB4800076A74 /* Debug */,
				0B20CF681F41AB4800076A74 /* Release */,
			);
			defaultConfigurationIsVisible = 0;
			defaultConfigurationName = Release;
		};
		0B20CF691F41AB4800076A74 /* Build configuration list for PBXNativeTarget "RoundLayer" */ = {
			isa = XCConfigurationList;
			buildConfigurations = (
				0B20CF6A1F41AB4800076A74 /* Debug */,
				0B20CF6B1F41AB4800076A74 /* Release */,
			);
			defaultConfigurationIsVisible = 0;
		};
		0B20CF6C1F41AB4800076A74 /* Build configuration list for PBXNativeTarget "RoundLayerTests" */ = {
			isa = XCConfigurationList;
			buildConfigurations = (
				0B20CF6D1F41AB4800076A74 /* Debug */,
				0B20CF6E1F41AB4800076A74 /* Release */,
			);
			defaultConfigurationIsVisible = 0;
		};
		0B20CF6F1F41AB4800076A74 /* Build configuration list for PBXNativeTarget "RoundLayerUITests" */ = {
			isa = XCConfigurationList;
			buildConfigurations = (
				0B20CF701F41AB4800076A74 /* Debug */,
				0B20CF711F41AB4800076A74 /* Release */,
			);
			defaultConfigurationIsVisible = 0;
		};
/* End XCConfigurationList section */
	};
	rootObject = 0B20CF341F41AB4800076A74 /* Project object */;
}
